
Microsoft Visual Studio Solution File, Format Version 12.00
# Visual Studio Version 16
VisualStudioVersion = 16.0.31729.503
MinimumVisualStudioVersion = 10.0.40219.1
Project("{FAE04EC0-301F-11D3-BF4B-00C04F79EFBC}") = "Lab_6", "Lab_6\Lab_6.csproj", "{A7E7DDE9-64AA-4116-8DAC-F905E736DAC7}"
EndProject
Global
	GlobalSection(SolutionConfigurationPlatforms) = preSolution
		Debug|Any CPU = Debug|Any CPU
		Release|Any CPU = Release|Any CPU
	EndGlobalSection
	GlobalSection(ProjectConfigurationPlatforms) = postSolution
		{A7E7DDE9-64AA-4116-8DAC-F905E736DAC7}.Debug|Any CPU.ActiveCfg = Debug|Any CPU
		{A7E7DDE9-64AA-4116-8DAC-F905E736DAC7}.Debug|Any CPU.Build.0 = Debug|Any CPU
		{A7E7DDE9-64AA-4116-8DAC-F905E736DAC7}.Release|Any CPU.ActiveCfg = Release|Any CPU
		{A7E7DDE9-64AA-4116-8DAC-F905E736DAC7}.Release|Any CPU.Build.0 = Release|Any CPU
	EndGlobalSection
	GlobalSection(SolutionProperties) = preSolution
		HideSolutionNode = FALSE
	EndGlobalSection
	GlobalSection(ExtensibilityGlobals) = postSolution
		SolutionGuid = {E417F7EB-C019-4F72-9F9E-791E194D80A1}
	EndGlobalSection
EndGlobal
