
Microsoft Visual Studio Solution File, Format Version 12.00
# Visual Studio Version 16
VisualStudioVersion = 16.0.31829.152
MinimumVisualStudioVersion = 10.0.40219.1
Project("{FAE04EC0-301F-11D3-BF4B-00C04F79EFBC}") = "Lab_14", "Lab_14\Lab_14.csproj", "{F7BE8C99-672A-452A-9A10-76CE3C1172A1}"
EndProject
Global
	GlobalSection(SolutionConfigurationPlatforms) = preSolution
		Debug|Any CPU = Debug|Any CPU
		Release|Any CPU = Release|Any CPU
	EndGlobalSection
	GlobalSection(ProjectConfigurationPlatforms) = postSolution
		{F7BE8C99-672A-452A-9A10-76CE3C1172A1}.Debug|Any CPU.ActiveCfg = Debug|Any CPU
		{F7BE8C99-672A-452A-9A10-76CE3C1172A1}.Debug|Any CPU.Build.0 = Debug|Any CPU
		{F7BE8C99-672A-452A-9A10-76CE3C1172A1}.Release|Any CPU.ActiveCfg = Release|Any CPU
		{F7BE8C99-672A-452A-9A10-76CE3C1172A1}.Release|Any CPU.Build.0 = Release|Any CPU
	EndGlobalSection
	GlobalSection(SolutionProperties) = preSolution
		HideSolutionNode = FALSE
	EndGlobalSection
	GlobalSection(ExtensibilityGlobals) = postSolution
		SolutionGuid = {C38E8645-67F3-49F2-9F46-81998C54A27D}
	EndGlobalSection
EndGlobal
