
Microsoft Visual Studio Solution File, Format Version 12.00
# Visual Studio Version 16
VisualStudioVersion = 16.0.31829.152
MinimumVisualStudioVersion = 10.0.40219.1
Project("{FAE04EC0-301F-11D3-BF4B-00C04F79EFBC}") = "Lab_12", "Lab_12\Lab_12.csproj", "{81C17BFE-3AEB-4E57-B8E5-38A565461872}"
EndProject
Global
	GlobalSection(SolutionConfigurationPlatforms) = preSolution
		Debug|Any CPU = Debug|Any CPU
		Release|Any CPU = Release|Any CPU
	EndGlobalSection
	GlobalSection(ProjectConfigurationPlatforms) = postSolution
		{81C17BFE-3AEB-4E57-B8E5-38A565461872}.Debug|Any CPU.ActiveCfg = Debug|Any CPU
		{81C17BFE-3AEB-4E57-B8E5-38A565461872}.Debug|Any CPU.Build.0 = Debug|Any CPU
		{81C17BFE-3AEB-4E57-B8E5-38A565461872}.Release|Any CPU.ActiveCfg = Release|Any CPU
		{81C17BFE-3AEB-4E57-B8E5-38A565461872}.Release|Any CPU.Build.0 = Release|Any CPU
	EndGlobalSection
	GlobalSection(SolutionProperties) = preSolution
		HideSolutionNode = FALSE
	EndGlobalSection
	GlobalSection(ExtensibilityGlobals) = postSolution
		SolutionGuid = {92323E8D-4359-41F2-B5F0-34251BE73245}
	EndGlobalSection
EndGlobal
