
Microsoft Visual Studio Solution File, Format Version 12.00
# Visual Studio Version 16
VisualStudioVersion = 16.0.31829.152
MinimumVisualStudioVersion = 10.0.40219.1
Project("{FAE04EC0-301F-11D3-BF4B-00C04F79EFBC}") = "Lab_8_2", "Lab_8_2\Lab_8_2.csproj", "{AAEC40F4-C335-44AC-8816-2B9626955152}"
EndProject
Global
	GlobalSection(SolutionConfigurationPlatforms) = preSolution
		Debug|Any CPU = Debug|Any CPU
		Release|Any CPU = Release|Any CPU
	EndGlobalSection
	GlobalSection(ProjectConfigurationPlatforms) = postSolution
		{AAEC40F4-C335-44AC-8816-2B9626955152}.Debug|Any CPU.ActiveCfg = Debug|Any CPU
		{AAEC40F4-C335-44AC-8816-2B9626955152}.Debug|Any CPU.Build.0 = Debug|Any CPU
		{AAEC40F4-C335-44AC-8816-2B9626955152}.Release|Any CPU.ActiveCfg = Release|Any CPU
		{AAEC40F4-C335-44AC-8816-2B9626955152}.Release|Any CPU.Build.0 = Release|Any CPU
	EndGlobalSection
	GlobalSection(SolutionProperties) = preSolution
		HideSolutionNode = FALSE
	EndGlobalSection
	GlobalSection(ExtensibilityGlobals) = postSolution
		SolutionGuid = {BC8B7F63-3DE7-461D-8838-AE982B4BAC58}
	EndGlobalSection
EndGlobal
