
Microsoft Visual Studio Solution File, Format Version 12.00
# Visual Studio Version 16
VisualStudioVersion = 16.0.31829.152
MinimumVisualStudioVersion = 10.0.40219.1
Project("{FAE04EC0-301F-11D3-BF4B-00C04F79EFBC}") = "Lab_9", "Lab_9\Lab_9.csproj", "{8D3A1AAA-B10D-436C-AF02-0A67E9CDE944}"
EndProject
Global
	GlobalSection(SolutionConfigurationPlatforms) = preSolution
		Debug|Any CPU = Debug|Any CPU
		Release|Any CPU = Release|Any CPU
	EndGlobalSection
	GlobalSection(ProjectConfigurationPlatforms) = postSolution
		{8D3A1AAA-B10D-436C-AF02-0A67E9CDE944}.Debug|Any CPU.ActiveCfg = Debug|Any CPU
		{8D3A1AAA-B10D-436C-AF02-0A67E9CDE944}.Debug|Any CPU.Build.0 = Debug|Any CPU
		{8D3A1AAA-B10D-436C-AF02-0A67E9CDE944}.Release|Any CPU.ActiveCfg = Release|Any CPU
		{8D3A1AAA-B10D-436C-AF02-0A67E9CDE944}.Release|Any CPU.Build.0 = Release|Any CPU
	EndGlobalSection
	GlobalSection(SolutionProperties) = preSolution
		HideSolutionNode = FALSE
	EndGlobalSection
	GlobalSection(ExtensibilityGlobals) = postSolution
		SolutionGuid = {D11B98BE-EF88-4041-8D86-807D6E2893F0}
	EndGlobalSection
EndGlobal
