
Microsoft Visual Studio Solution File, Format Version 12.00
# Visual Studio Version 16
VisualStudioVersion = 16.0.31729.503
MinimumVisualStudioVersion = 10.0.40219.1
Project("{FAE04EC0-301F-11D3-BF4B-00C04F79EFBC}") = "Lab_5_1", "Lab_5_1\Lab_5_1.csproj", "{0E37611C-6B44-4B13-90C0-640C7A238296}"
EndProject
Global
	GlobalSection(SolutionConfigurationPlatforms) = preSolution
		Debug|Any CPU = Debug|Any CPU
		Release|Any CPU = Release|Any CPU
	EndGlobalSection
	GlobalSection(ProjectConfigurationPlatforms) = postSolution
		{0E37611C-6B44-4B13-90C0-640C7A238296}.Debug|Any CPU.ActiveCfg = Debug|Any CPU
		{0E37611C-6B44-4B13-90C0-640C7A238296}.Debug|Any CPU.Build.0 = Debug|Any CPU
		{0E37611C-6B44-4B13-90C0-640C7A238296}.Release|Any CPU.ActiveCfg = Release|Any CPU
		{0E37611C-6B44-4B13-90C0-640C7A238296}.Release|Any CPU.Build.0 = Release|Any CPU
	EndGlobalSection
	GlobalSection(SolutionProperties) = preSolution
		HideSolutionNode = FALSE
	EndGlobalSection
	GlobalSection(ExtensibilityGlobals) = postSolution
		SolutionGuid = {29B9F5D6-DC13-4F68-BDDD-E742C8C7766C}
	EndGlobalSection
EndGlobal
